
Microsoft Visual Studio Solution File, Format Version 12.00
# Visual Studio Version 17
VisualStudioVersion = 17.8.34309.116
MinimumVisualStudioVersion = 10.0.40219.1
Project("{2150E333-8FDC-42A3-9474-1A3956D46DE8}") = "Services", "Services", "{DAF675F2-833B-4E8E-9A37-9FBA3A939D5D}"
EndProject
Project("{2150E333-8FDC-42A3-9474-1A3956D46DE8}") = "Catalog", "Catalog", "{8793F1F1-6E95-49CD-B27B-81F942C31F58}"
EndProject
Project("{9A19103F-16F7-4668-BE54-9A1E7A4F7556}") = "Catalog.api", "Services\Catalog\Catalog.api\Catalog.api.csproj", "{BB659173-2A4E-44C0-9BE0-074B1DEAD5A1}"
EndProject
Project("{2150E333-8FDC-42A3-9474-1A3956D46DE8}") = "BuildingBlocks", "BuildingBlocks", "{89655FE2-68BD-49A2-957A-F7F8800A30AF}"
EndProject
Project("{9A19103F-16F7-4668-BE54-9A1E7A4F7556}") = "BuildingBlocks", "BuildingBlocks\BuildingBlocks\BuildingBlocks.csproj", "{9B98AD9D-ACF4-4A55-BD16-772566E00758}"
EndProject
Project("{E53339B2-1760-4266-BCC7-CA923CBCF16C}") = "docker-compose", "docker-compose.dcproj", "{A2019228-3F21-48D3-8BE6-20B6B581A702}"
EndProject
Project("{2150E333-8FDC-42A3-9474-1A3956D46DE8}") = "Basket", "Basket", "{40AF2381-FAA2-466F-9766-58F9B1D52933}"
EndProject
Project("{9A19103F-16F7-4668-BE54-9A1E7A4F7556}") = "Basket.Api", "Services\Basket\Basket.Api\Basket.Api.csproj", "{D8605BE9-8556-4F00-8863-6D86B5254962}"
EndProject
Project("{2150E333-8FDC-42A3-9474-1A3956D46DE8}") = "Discount", "Discount", "{914135BD-7E66-49EB-BD8F-5672AB4DBD7C}"
EndProject
Project("{9A19103F-16F7-4668-BE54-9A1E7A4F7556}") = "Discount.Grpc", "Services\Discount\Discount.Grpc\Discount.Grpc.csproj", "{0021571B-6BB0-4AD2-AD47-0FB1DCF2929E}"
EndProject
Project("{2150E333-8FDC-42A3-9474-1A3956D46DE8}") = "Ordering", "Ordering", "{9F7C4CEF-4DA2-444E-BF02-F66517225B67}"
EndProject
Project("{9A19103F-16F7-4668-BE54-9A1E7A4F7556}") = "Ordering.API", "Services\Ordering\Ordering.API\Ordering.API.csproj", "{E9AB2F77-AFD4-4EE1-B2D0-A148746E5138}"
EndProject
Project("{9A19103F-16F7-4668-BE54-9A1E7A4F7556}") = "Ordering.Domain", "Services\Ordering\Ordering.Domain\Ordering.Domain.csproj", "{B2163C70-D041-4349-B398-1C84895BDC97}"
EndProject
Project("{9A19103F-16F7-4668-BE54-9A1E7A4F7556}") = "Ordering.Infrastrucure", "Services\Ordering\Ordering.Infrastrucure\Ordering.Infrastrucure.csproj", "{6BEB630E-2A22-4743-8C9D-2704CC5BD5EF}"
EndProject
Project("{9A19103F-16F7-4668-BE54-9A1E7A4F7556}") = "Ordering.Application", "Services\Ordering\Ordering.Application\Ordering.Application.csproj", "{AC1213C6-8709-42A7-82E6-42261837F93F}"
EndProject
Project("{9A19103F-16F7-4668-BE54-9A1E7A4F7556}") = "BuildingBlocks.Messaging", "BuildingBlocks\BuildingBlocks.Messaging\BuildingBlocks.Messaging.csproj", "{795BD50F-985C-4A1E-88E1-8B4B55657E8D}"
EndProject
Project("{2150E333-8FDC-42A3-9474-1A3956D46DE8}") = "ApiGateways", "ApiGateways", "{2674BB39-71C8-4215-AA2F-490D37373313}"
EndProject
Project("{FAE04EC0-301F-11D3-BF4B-00C04F79EFBC}") = "YarpApiGateway", "ApiGateways\YarpApiGateway\YarpApiGateway.csproj", "{7BD0D06F-B091-4C14-8673-ABA3A15BBB2D}"
EndProject
Global
	GlobalSection(SolutionConfigurationPlatforms) = preSolution
		Debug|Any CPU = Debug|Any CPU
		Release|Any CPU = Release|Any CPU
	EndGlobalSection
	GlobalSection(ProjectConfigurationPlatforms) = postSolution
		{BB659173-2A4E-44C0-9BE0-074B1DEAD5A1}.Debug|Any CPU.ActiveCfg = Debug|Any CPU
		{BB659173-2A4E-44C0-9BE0-074B1DEAD5A1}.Debug|Any CPU.Build.0 = Debug|Any CPU
		{BB659173-2A4E-44C0-9BE0-074B1DEAD5A1}.Release|Any CPU.ActiveCfg = Release|Any CPU
		{BB659173-2A4E-44C0-9BE0-074B1DEAD5A1}.Release|Any CPU.Build.0 = Release|Any CPU
		{9B98AD9D-ACF4-4A55-BD16-772566E00758}.Debug|Any CPU.ActiveCfg = Debug|Any CPU
		{9B98AD9D-ACF4-4A55-BD16-772566E00758}.Debug|Any CPU.Build.0 = Debug|Any CPU
		{9B98AD9D-ACF4-4A55-BD16-772566E00758}.Release|Any CPU.ActiveCfg = Release|Any CPU
		{9B98AD9D-ACF4-4A55-BD16-772566E00758}.Release|Any CPU.Build.0 = Release|Any CPU
		{A2019228-3F21-48D3-8BE6-20B6B581A702}.Debug|Any CPU.ActiveCfg = Debug|Any CPU
		{A2019228-3F21-48D3-8BE6-20B6B581A702}.Debug|Any CPU.Build.0 = Debug|Any CPU
		{A2019228-3F21-48D3-8BE6-20B6B581A702}.Release|Any CPU.ActiveCfg = Release|Any CPU
		{A2019228-3F21-48D3-8BE6-20B6B581A702}.Release|Any CPU.Build.0 = Release|Any CPU
		{D8605BE9-8556-4F00-8863-6D86B5254962}.Debug|Any CPU.ActiveCfg = Debug|Any CPU
		{D8605BE9-8556-4F00-8863-6D86B5254962}.Debug|Any CPU.Build.0 = Debug|Any CPU
		{D8605BE9-8556-4F00-8863-6D86B5254962}.Release|Any CPU.ActiveCfg = Release|Any CPU
		{D8605BE9-8556-4F00-8863-6D86B5254962}.Release|Any CPU.Build.0 = Release|Any CPU
		{0021571B-6BB0-4AD2-AD47-0FB1DCF2929E}.Debug|Any CPU.ActiveCfg = Debug|Any CPU
		{0021571B-6BB0-4AD2-AD47-0FB1DCF2929E}.Debug|Any CPU.Build.0 = Debug|Any CPU
		{0021571B-6BB0-4AD2-AD47-0FB1DCF2929E}.Release|Any CPU.ActiveCfg = Release|Any CPU
		{0021571B-6BB0-4AD2-AD47-0FB1DCF2929E}.Release|Any CPU.Build.0 = Release|Any CPU
		{E9AB2F77-AFD4-4EE1-B2D0-A148746E5138}.Debug|Any CPU.ActiveCfg = Debug|Any CPU
		{E9AB2F77-AFD4-4EE1-B2D0-A148746E5138}.Debug|Any CPU.Build.0 = Debug|Any CPU
		{E9AB2F77-AFD4-4EE1-B2D0-A148746E5138}.Release|Any CPU.ActiveCfg = Release|Any CPU
		{E9AB2F77-AFD4-4EE1-B2D0-A148746E5138}.Release|Any CPU.Build.0 = Release|Any CPU
		{B2163C70-D041-4349-B398-1C84895BDC97}.Debug|Any CPU.ActiveCfg = Debug|Any CPU
		{B2163C70-D041-4349-B398-1C84895BDC97}.Debug|Any CPU.Build.0 = Debug|Any CPU
		{B2163C70-D041-4349-B398-1C84895BDC97}.Release|Any CPU.ActiveCfg = Release|Any CPU
		{B2163C70-D041-4349-B398-1C84895BDC97}.Release|Any CPU.Build.0 = Release|Any CPU
		{6BEB630E-2A22-4743-8C9D-2704CC5BD5EF}.Debug|Any CPU.ActiveCfg = Debug|Any CPU
		{6BEB630E-2A22-4743-8C9D-2704CC5BD5EF}.Debug|Any CPU.Build.0 = Debug|Any CPU
		{6BEB630E-2A22-4743-8C9D-2704CC5BD5EF}.Release|Any CPU.ActiveCfg = Release|Any CPU
		{6BEB630E-2A22-4743-8C9D-2704CC5BD5EF}.Release|Any CPU.Build.0 = Release|Any CPU
		{AC1213C6-8709-42A7-82E6-42261837F93F}.Debug|Any CPU.ActiveCfg = Debug|Any CPU
		{AC1213C6-8709-42A7-82E6-42261837F93F}.Debug|Any CPU.Build.0 = Debug|Any CPU
		{AC1213C6-8709-42A7-82E6-42261837F93F}.Release|Any CPU.ActiveCfg = Release|Any CPU
		{AC1213C6-8709-42A7-82E6-42261837F93F}.Release|Any CPU.Build.0 = Release|Any CPU
		{795BD50F-985C-4A1E-88E1-8B4B55657E8D}.Debug|Any CPU.ActiveCfg = Debug|Any CPU
		{795BD50F-985C-4A1E-88E1-8B4B55657E8D}.Debug|Any CPU.Build.0 = Debug|Any CPU
		{795BD50F-985C-4A1E-88E1-8B4B55657E8D}.Release|Any CPU.ActiveCfg = Release|Any CPU
		{795BD50F-985C-4A1E-88E1-8B4B55657E8D}.Release|Any CPU.Build.0 = Release|Any CPU
		{7BD0D06F-B091-4C14-8673-ABA3A15BBB2D}.Debug|Any CPU.ActiveCfg = Debug|Any CPU
		{7BD0D06F-B091-4C14-8673-ABA3A15BBB2D}.Debug|Any CPU.Build.0 = Debug|Any CPU
		{7BD0D06F-B091-4C14-8673-ABA3A15BBB2D}.Release|Any CPU.ActiveCfg = Release|Any CPU
		{7BD0D06F-B091-4C14-8673-ABA3A15BBB2D}.Release|Any CPU.Build.0 = Release|Any CPU
	EndGlobalSection
	GlobalSection(SolutionProperties) = preSolution
		HideSolutionNode = FALSE
	EndGlobalSection
	GlobalSection(NestedProjects) = preSolution
		{8793F1F1-6E95-49CD-B27B-81F942C31F58} = {DAF675F2-833B-4E8E-9A37-9FBA3A939D5D}
		{BB659173-2A4E-44C0-9BE0-074B1DEAD5A1} = {8793F1F1-6E95-49CD-B27B-81F942C31F58}
		{9B98AD9D-ACF4-4A55-BD16-772566E00758} = {89655FE2-68BD-49A2-957A-F7F8800A30AF}
		{40AF2381-FAA2-466F-9766-58F9B1D52933} = {DAF675F2-833B-4E8E-9A37-9FBA3A939D5D}
		{D8605BE9-8556-4F00-8863-6D86B5254962} = {40AF2381-FAA2-466F-9766-58F9B1D52933}
		{914135BD-7E66-49EB-BD8F-5672AB4DBD7C} = {DAF675F2-833B-4E8E-9A37-9FBA3A939D5D}
		{0021571B-6BB0-4AD2-AD47-0FB1DCF2929E} = {914135BD-7E66-49EB-BD8F-5672AB4DBD7C}
		{9F7C4CEF-4DA2-444E-BF02-F66517225B67} = {DAF675F2-833B-4E8E-9A37-9FBA3A939D5D}
		{E9AB2F77-AFD4-4EE1-B2D0-A148746E5138} = {9F7C4CEF-4DA2-444E-BF02-F66517225B67}
		{B2163C70-D041-4349-B398-1C84895BDC97} = {9F7C4CEF-4DA2-444E-BF02-F66517225B67}
		{6BEB630E-2A22-4743-8C9D-2704CC5BD5EF} = {9F7C4CEF-4DA2-444E-BF02-F66517225B67}
		{AC1213C6-8709-42A7-82E6-42261837F93F} = {9F7C4CEF-4DA2-444E-BF02-F66517225B67}
		{795BD50F-985C-4A1E-88E1-8B4B55657E8D} = {89655FE2-68BD-49A2-957A-F7F8800A30AF}
		{7BD0D06F-B091-4C14-8673-ABA3A15BBB2D} = {2674BB39-71C8-4215-AA2F-490D37373313}
	EndGlobalSection
	GlobalSection(ExtensibilityGlobals) = postSolution
		SolutionGuid = {34F9830D-C4D5-4B1D-9014-2C5827229279}
	EndGlobalSection
EndGlobal
